
Microsoft Visual Studio Solution File, Format Version 12.00
Project("{FAE04EC0-301F-11D3-BF4B-00C04F79EFBC}") = "WebApp", "WebApp\WebApp.csproj", "{00726FA1-0D9A-4183-A549-92D486A92D6E}"
EndProject
Project("{FAE04EC0-301F-11D3-BF4B-00C04F79EFBC}") = "Domain", "Domain\Domain.csproj", "{C0A39516-8006-4E0E-AFC6-10D7A5CC6F72}"
EndProject
Project("{FAE04EC0-301F-11D3-BF4B-00C04F79EFBC}") = "DAL", "DAL\DAL.csproj", "{55E549E6-EDD2-405D-901E-5ABE804FC389}"
EndProject
Global
	GlobalSection(SolutionConfigurationPlatforms) = preSolution
		Debug|Any CPU = Debug|Any CPU
		Release|Any CPU = Release|Any CPU
	EndGlobalSection
	GlobalSection(ProjectConfigurationPlatforms) = postSolution
		{00726FA1-0D9A-4183-A549-92D486A92D6E}.Debug|Any CPU.ActiveCfg = Debug|Any CPU
		{00726FA1-0D9A-4183-A549-92D486A92D6E}.Debug|Any CPU.Build.0 = Debug|Any CPU
		{00726FA1-0D9A-4183-A549-92D486A92D6E}.Release|Any CPU.ActiveCfg = Release|Any CPU
		{00726FA1-0D9A-4183-A549-92D486A92D6E}.Release|Any CPU.Build.0 = Release|Any CPU
		{C0A39516-8006-4E0E-AFC6-10D7A5CC6F72}.Debug|Any CPU.ActiveCfg = Debug|Any CPU
		{C0A39516-8006-4E0E-AFC6-10D7A5CC6F72}.Debug|Any CPU.Build.0 = Debug|Any CPU
		{C0A39516-8006-4E0E-AFC6-10D7A5CC6F72}.Release|Any CPU.ActiveCfg = Release|Any CPU
		{C0A39516-8006-4E0E-AFC6-10D7A5CC6F72}.Release|Any CPU.Build.0 = Release|Any CPU
		{55E549E6-EDD2-405D-901E-5ABE804FC389}.Debug|Any CPU.ActiveCfg = Debug|Any CPU
		{55E549E6-EDD2-405D-901E-5ABE804FC389}.Debug|Any CPU.Build.0 = Debug|Any CPU
		{55E549E6-EDD2-405D-901E-5ABE804FC389}.Release|Any CPU.ActiveCfg = Release|Any CPU
		{55E549E6-EDD2-405D-901E-5ABE804FC389}.Release|Any CPU.Build.0 = Release|Any CPU
	EndGlobalSection
EndGlobal
